// !$*UTF8*$!
{
	archiveVersion = 1;
	classes = {
	};
	objectVersion = 46;
	objects = {

/* Begin PBXBuildFile section */
		2485674018DB5CD3006FFE27 /* Foundation.framework in Frameworks */ = {isa = PBXBuildFile; fileRef = 2485673F18DB5CD3006FFE27 /* Foundation.framework */; };
		2485674218DB5CD3006FFE27 /* CoreGraphics.framework in Frameworks */ = {isa = PBXBuildFile; fileRef = 2485674118DB5CD3006FFE27 /* CoreGraphics.framework */; };
		2485674418DB5CD3006FFE27 /* UIKit.framework in Frameworks */ = {isa = PBXBuildFile; fileRef = 2485674318DB5CD3006FFE27 /* UIKit.framework */; };
		2485674A18DB5CD3006FFE27 /* InfoPlist.strings in Resources */ = {isa = PBXBuildFile; fileRef = 2485674818DB5CD3006FFE27 /* InfoPlist.strings */; };
		2485674C18DB5CD3006FFE27 /* main.m in Sources */ = {isa = PBXBuildFile; fileRef = 2485674B18DB5CD3006FFE27 /* main.m */; };
		2485675018DB5CD3006FFE27 /* CFRAppDelegate.m in Sources */ = {isa = PBXBuildFile; fileRef = 2485674F18DB5CD3006FFE27 /* CFRAppDelegate.m */; };
		2485675218DB5CD3006FFE27 /* Images.xcassets in Resources */ = {isa = PBXBuildFile; fileRef = 2485675118DB5CD3006FFE27 /* Images.xcassets */; };
		2485675918DB5CD3006FFE27 /* XCTest.framework in Frameworks */ = {isa = PBXBuildFile; fileRef = 2485675818DB5CD3006FFE27 /* XCTest.framework */; };
		2485675A18DB5CD3006FFE27 /* Foundation.framework in Frameworks */ = {isa = PBXBuildFile; fileRef = 2485673F18DB5CD3006FFE27 /* Foundation.framework */; };
		2485675B18DB5CD3006FFE27 /* UIKit.framework in Frameworks */ = {isa = PBXBuildFile; fileRef = 2485674318DB5CD3006FFE27 /* UIKit.framework */; };
		2485676318DB5CD3006FFE27 /* InfoPlist.strings in Resources */ = {isa = PBXBuildFile; fileRef = 2485676118DB5CD3006FFE27 /* InfoPlist.strings */; };
		2485676518DB5CD3006FFE27 /* CrossfitReviverNotifierTests.m in Sources */ = {isa = PBXBuildFile; fileRef = 2485676418DB5CD3006FFE27 /* CrossfitReviverNotifierTests.m */; };
/* End PBXBuildFile section */

/* Begin PBXContainerItemProxy section */
		2485675C18DB5CD3006FFE27 /* PBXContainerItemProxy */ = {
			isa = PBXContainerItemProxy;
			containerPortal = 2485673418DB5CD3006FFE27 /* Project object */;
			proxyType = 1;
			remoteGlobalIDString = 2485673B18DB5CD3006FFE27;
			remoteInfo = CrossfitReviverNotifier;
		};
/* End PBXContainerItemProxy section */

/* Begin PBXFileReference section */
		2485673C18DB5CD3006FFE27 /* CrossfitReviverNotifier.app */ = {isa = PBXFileReference; explicitFileType = wrapper.application; includeInIndex = 0; path = CrossfitReviverNotifier.app; sourceTree = BUILT_PRODUCTS_DIR; };
		2485673F18DB5CD3006FFE27 /* Foundation.framework */ = {isa = PBXFileReference; lastKnownFileType = wrapper.framework; name = Foundation.framework; path = System/Library/Frameworks/Foundation.framework; sourceTree = SDKROOT; };
		2485674118DB5CD3006FFE27 /* CoreGraphics.framework */ = {isa = PBXFileReference; lastKnownFileType = wrapper.framework; name = CoreGraphics.framework; path = System/Library/Frameworks/CoreGraphics.framework; sourceTree = SDKROOT; };
		2485674318DB5CD3006FFE27 /* UIKit.framework */ = {isa = PBXFileReference; lastKnownFileType = wrapper.framework; name = UIKit.framework; path = System/Library/Frameworks/UIKit.framework; sourceTree = SDKROOT; };
		2485674718DB5CD3006FFE27 /* CrossfitReviverNotifier-Info.plist */ = {isa = PBXFileReference; lastKnownFileType = text.plist.xml; path = "CrossfitReviverNotifier-Info.plist"; sourceTree = "<group>"; };
		2485674918DB5CD3006FFE27 /* en */ = {isa = PBXFileReference; lastKnownFileType = text.plist.strings; name = en; path = en.lproj/InfoPlist.strings; sourceTree = "<group>"; };
		2485674B18DB5CD3006FFE27 /* main.m */ = {isa = PBXFileReference; lastKnownFileType = sourcecode.c.objc; path = main.m; sourceTree = "<group>"; };
		2485674D18DB5CD3006FFE27 /* CrossfitReviverNotifier-Prefix.pch */ = {isa = PBXFileReference; lastKnownFileType = sourcecode.c.h; path = "CrossfitReviverNotifier-Prefix.pch"; sourceTree = "<group>"; };
		2485674E18DB5CD3006FFE27 /* CFRAppDelegate.h */ = {isa = PBXFileReference; lastKnownFileType = sourcecode.c.h; path = CFRAppDelegate.h; sourceTree = "<group>"; };
		2485674F18DB5CD3006FFE27 /* CFRAppDelegate.m */ = {isa = PBXFileReference; lastKnownFileType = sourcecode.c.objc; path = CFRAppDelegate.m; sourceTree = "<group>"; };
		2485675118DB5CD3006FFE27 /* Images.xcassets */ = {isa = PBXFileReference; lastKnownFileType = folder.assetcatalog; path = Images.xcassets; sourceTree = "<group>"; };
		2485675718DB5CD3006FFE27 /* CrossfitReviverNotifierTests.xctest */ = {isa = PBXFileReference; explicitFileType = wrapper.cfbundle; includeInIndex = 0; path = CrossfitReviverNotifierTests.xctest; sourceTree = BUILT_PRODUCTS_DIR; };
		2485675818DB5CD3006FFE27 /* XCTest.framework */ = {isa = PBXFileReference; lastKnownFileType = wrapper.framework; name = XCTest.framework; path = Library/Frameworks/XCTest.framework; sourceTree = DEVELOPER_DIR; };
		2485676018DB5CD3006FFE27 /* CrossfitReviverNotifierTests-Info.plist */ = {isa = PBXFileReference; lastKnownFileType = text.plist.xml; path = "CrossfitReviverNotifierTests-Info.plist"; sourceTree = "<group>"; };
		2485676218DB5CD3006FFE27 /* en */ = {isa = PBXFileReference; lastKnownFileType = text.plist.strings; name = en; path = en.lproj/InfoPlist.strings; sourceTree = "<group>"; };
		2485676418DB5CD3006FFE27 /* CrossfitReviverNotifierTests.m */ = {isa = PBXFileReference; lastKnownFileType = sourcecode.c.objc; path = CrossfitReviverNotifierTests.m; sourceTree = "<group>"; };
/* End PBXFileReference section */

/* Begin PBXFrameworksBuildPhase section */
		2485673918DB5CD3006FFE27 /* Frameworks */ = {
			isa = PBXFrameworksBuildPhase;
			buildActionMask = 2147483647;
			files = (
				2485674218DB5CD3006FFE27 /* CoreGraphics.framework in Frameworks */,
				2485674418DB5CD3006FFE27 /* UIKit.framework in Frameworks */,
				2485674018DB5CD3006FFE27 /* Foundation.framework in Frameworks */,
			);
			runOnlyForDeploymentPostprocessing = 0;
		};
		2485675418DB5CD3006FFE27 /* Frameworks */ = {
			isa = PBXFrameworksBuildPhase;
			buildActionMask = 2147483647;
			files = (
				2485675918DB5CD3006FFE27 /* XCTest.framework in Frameworks */,
				2485675B18DB5CD3006FFE27 /* UIKit.framework in Frameworks */,
				2485675A18DB5CD3006FFE27 /* Foundation.framework in Frameworks */,
			);
			runOnlyForDeploymentPostprocessing = 0;
		};
/* End PBXFrameworksBuildPhase section */

/* Begin PBXGroup section */
		2485673318DB5CD3006FFE27 = {
			isa = PBXGroup;
			children = (
				2485674518DB5CD3006FFE27 /* CrossfitReviverNotifier */,
				2485675E18DB5CD3006FFE27 /* CrossfitReviverNotifierTests */,
				2485673E18DB5CD3006FFE27 /* Frameworks */,
				2485673D18DB5CD3006FFE27 /* Products */,
			);
			sourceTree = "<group>";
		};
		2485673D18DB5CD3006FFE27 /* Products */ = {
			isa = PBXGroup;
			children = (
				2485673C18DB5CD3006FFE27 /* CrossfitReviverNotifier.app */,
				2485675718DB5CD3006FFE27 /* CrossfitReviverNotifierTests.xctest */,
			);
			name = Products;
			sourceTree = "<group>";
		};
		2485673E18DB5CD3006FFE27 /* Frameworks */ = {
			isa = PBXGroup;
			children = (
				2485673F18DB5CD3006FFE27 /* Foundation.framework */,
				2485674118DB5CD3006FFE27 /* CoreGraphics.framework */,
				2485674318DB5CD3006FFE27 /* UIKit.framework */,
				2485675818DB5CD3006FFE27 /* XCTest.framework */,
			);
			name = Frameworks;
			sourceTree = "<group>";
		};
		2485674518DB5CD3006FFE27 /* CrossfitReviverNotifier */ = {
			isa = PBXGroup;
			children = (
				2485674E18DB5CD3006FFE27 /* CFRAppDelegate.h */,
				2485674F18DB5CD3006FFE27 /* CFRAppDelegate.m */,
				2485675118DB5CD3006FFE27 /* Images.xcassets */,
				2485674618DB5CD3006FFE27 /* Supporting Files */,
			);
			path = CrossfitReviverNotifier;
			sourceTree = "<group>";
		};
		2485674618DB5CD3006FFE27 /* Supporting Files */ = {
			isa = PBXGroup;
			children = (
				2485674718DB5CD3006FFE27 /* CrossfitReviverNotifier-Info.plist */,
				2485674818DB5CD3006FFE27 /* InfoPlist.strings */,
				2485674B18DB5CD3006FFE27 /* main.m */,
				2485674D18DB5CD3006FFE27 /* CrossfitReviverNotifier-Prefix.pch */,
			);
			name = "Supporting Files";
			sourceTree = "<group>";
		};
		2485675E18DB5CD3006FFE27 /* CrossfitReviverNotifierTests */ = {
			isa = PBXGroup;
			children = (
				2485676418DB5CD3006FFE27 /* CrossfitReviverNotifierTests.m */,
				2485675F18DB5CD3006FFE27 /* Supporting Files */,
			);
			path = CrossfitReviverNotifierTests;
			sourceTree = "<group>";
		};
		2485675F18DB5CD3006FFE27 /* Supporting Files */ = {
			isa = PBXGroup;
			children = (
				2485676018DB5CD3006FFE27 /* CrossfitReviverNotifierTests-Info.plist */,
				2485676118DB5CD3006FFE27 /* InfoPlist.strings */,
			);
			name = "Supporting Files";
			sourceTree = "<group>";
		};
/* End PBXGroup section */

/* Begin PBXNativeTarget section */
		2485673B18DB5CD3006FFE27 /* CrossfitReviverNotifier */ = {
			isa = PBXNativeTarget;
			buildConfigurationList = 2485676818DB5CD3006FFE27 /* Build configuration list for PBXNativeTarget "CrossfitReviverNotifier" */;
			buildPhases = (
				2485673818DB5CD3006FFE27 /* Sources */,
				2485673918DB5CD3006FFE27 /* Frameworks */,
				2485673A18DB5CD3006FFE27 /* Resources */,
			);
			buildRules = (
			);
			dependencies = (
			);
			name = CrossfitReviverNotifier;
			productName = CrossfitReviverNotifier;
			productReference = 2485673C18DB5CD3006FFE27 /* CrossfitReviverNotifier.app */;
			productType = "com.apple.product-type.application";
		};
		2485675618DB5CD3006FFE27 /* CrossfitReviverNotifierTests */ = {
			isa = PBXNativeTarget;
			buildConfigurationList = 2485676B18DB5CD3006FFE27 /* Build configuration list for PBXNativeTarget "CrossfitReviverNotifierTests" */;
			buildPhases = (
				2485675318DB5CD3006FFE27 /* Sources */,
				2485675418DB5CD3006FFE27 /* Frameworks */,
				2485675518DB5CD3006FFE27 /* Resources */,
			);
			buildRules = (
			);
			dependencies = (
				2485675D18DB5CD3006FFE27 /* PBXTargetDependency */,
			);
			name = CrossfitReviverNotifierTests;
			productName = CrossfitReviverNotifierTests;
			productReference = 2485675718DB5CD3006FFE27 /* CrossfitReviverNotifierTests.xctest */;
			productType = "com.apple.product-type.bundle.unit-test";
		};
/* End PBXNativeTarget section */

/* Begin PBXProject section */
		2485673418DB5CD3006FFE27 /* Project object */ = {
			isa = PBXProject;
			attributes = {
				CLASSPREFIX = CFR;
				LastUpgradeCheck = 0510;
				ORGANIZATIONNAME = "Matt Chowning";
				TargetAttributes = {
					2485675618DB5CD3006FFE27 = {
						TestTargetID = 2485673B18DB5CD3006FFE27;
					};
				};
			};
			buildConfigurationList = 2485673718DB5CD3006FFE27 /* Build configuration list for PBXProject "CrossfitReviverNotifier" */;
			compatibilityVersion = "Xcode 3.2";
			developmentRegion = English;
			hasScannedForEncodings = 0;
			knownRegions = (
				en,
			);
			mainGroup = 2485673318DB5CD3006FFE27;
			productRefGroup = 2485673D18DB5CD3006FFE27 /* Products */;
			projectDirPath = "";
			projectRoot = "";
			targets = (
				2485673B18DB5CD3006FFE27 /* CrossfitReviverNotifier */,
				2485675618DB5CD3006FFE27 /* CrossfitReviverNotifierTests */,
			);
		};
/* End PBXProject section */

/* Begin PBXResourcesBuildPhase section */
		2485673A18DB5CD3006FFE27 /* Resources */ = {
			isa = PBXResourcesBuildPhase;
			buildActionMask = 2147483647;
			files = (
				2485674A18DB5CD3006FFE27 /* InfoPlist.strings in Resources */,
				2485675218DB5CD3006FFE27 /* Images.xcassets in Resources */,
			);
			runOnlyForDeploymentPostprocessing = 0;
		};
		2485675518DB5CD3006FFE27 /* Resources */ = {
			isa = PBXResourcesBuildPhase;
			buildActionMask = 2147483647;
			files = (
				2485676318DB5CD3006FFE27 /* InfoPlist.strings in Resources */,
			);
			runOnlyForDeploymentPostprocessing = 0;
		};
/* End PBXResourcesBuildPhase section */

/* Begin PBXSourcesBuildPhase section */
		2485673818DB5CD3006FFE27 /* Sources */ = {
			isa = PBXSourcesBuildPhase;
			buildActionMask = 2147483647;
			files = (
				2485675018DB5CD3006FFE27 /* CFRAppDelegate.m in Sources */,
				2485674C18DB5CD3006FFE27 /* main.m in Sources */,
			);
			runOnlyForDeploymentPostprocessing = 0;
		};
		2485675318DB5CD3006FFE27 /* Sources */ = {
			isa = PBXSourcesBuildPhase;
			buildActionMask = 2147483647;
			files = (
				2485676518DB5CD3006FFE27 /* CrossfitReviverNotifierTests.m in Sources */,
			);
			runOnlyForDeploymentPostprocessing = 0;
		};
/* End PBXSourcesBuildPhase section */

/* Begin PBXTargetDependency section */
		2485675D18DB5CD3006FFE27 /* PBXTargetDependency */ = {
			isa = PBXTargetDependency;
			target = 2485673B18DB5CD3006FFE27 /* CrossfitReviverNotifier */;
			targetProxy = 2485675C18DB5CD3006FFE27 /* PBXContainerItemProxy */;
		};
/* End PBXTargetDependency section */

/* Begin PBXVariantGroup section */
		2485674818DB5CD3006FFE27 /* InfoPlist.strings */ = {
			isa = PBXVariantGroup;
			children = (
				2485674918DB5CD3006FFE27 /* en */,
			);
			name = InfoPlist.strings;
			sourceTree = "<group>";
		};
		2485676118DB5CD3006FFE27 /* InfoPlist.strings */ = {
			isa = PBXVariantGroup;
			children = (
				2485676218DB5CD3006FFE27 /* en */,
			);
			name = InfoPlist.strings;
			sourceTree = "<group>";
		};
/* End PBXVariantGroup section */

/* Begin XCBuildConfiguration section */
		2485676618DB5CD3006FFE27 /* Debug */ = {
			isa = XCBuildConfiguration;
			buildSettings = {
				ALWAYS_SEARCH_USER_PATHS = NO;
				CLANG_CXX_LANGUAGE_STANDARD = "gnu++0x";
				CLANG_CXX_LIBRARY = "libc++";
				CLANG_ENABLE_MODULES = YES;
				CLANG_ENABLE_OBJC_ARC = YES;
				CLANG_WARN_BOOL_CONVERSION = YES;
				CLANG_WARN_CONSTANT_CONVERSION = YES;
				CLANG_WARN_DIRECT_OBJC_ISA_USAGE = YES_ERROR;
				CLANG_WARN_EMPTY_BODY = YES;
				CLANG_WARN_ENUM_CONVERSION = YES;
				CLANG_WARN_INT_CONVERSION = YES;
				CLANG_WARN_OBJC_ROOT_CLASS = YES_ERROR;
				CLANG_WARN__DUPLICATE_METHOD_MATCH = YES;
				"CODE_SIGN_IDENTITY[sdk=iphoneos*]" = "iPhone Developer";
				COPY_PHASE_STRIP = NO;
				GCC_C_LANGUAGE_STANDARD = gnu99;
				GCC_DYNAMIC_NO_PIC = NO;
				GCC_OPTIMIZATION_LEVEL = 0;
				GCC_PREPROCESSOR_DEFINITIONS = (
					"DEBUG=1",
					"$(inherited)",
				);
				GCC_SYMBOLS_PRIVATE_EXTERN = NO;
				GCC_WARN_64_TO_32_BIT_CONVERSION = YES;
				GCC_WARN_ABOUT_RETURN_TYPE = YES_ERROR;
				GCC_WARN_UNDECLARED_SELECTOR = YES;
				GCC_WARN_UNINITIALIZED_AUTOS = YES_AGGRESSIVE;
				GCC_WARN_UNUSED_FUNCTION = YES;
				GCC_WARN_UNUSED_VARIABLE = YES;
				IPHONEOS_DEPLOYMENT_TARGET = 7.1;
				ONLY_ACTIVE_ARCH = YES;
				SDKROOT = iphoneos;
			};
			name = Debug;
		};
		2485676718DB5CD3006FFE27 /* Release */ = {
			isa = XCBuildConfiguration;
			buildSettings = {
				ALWAYS_SEARCH_USER_PATHS = NO;
				CLANG_CXX_LANGUAGE_STANDARD = "gnu++0x";
				CLANG_CXX_LIBRARY = "libc++";
				CLANG_ENABLE_MODULES = YES;
				CLANG_ENABLE_OBJC_ARC = YES;
				CLANG_WARN_BOOL_CONVERSION = YES;
				CLANG_WARN_CONSTANT_CONVERSION = YES;
				CLANG_WARN_DIRECT_OBJC_ISA_USAGE = YES_ERROR;
				CLANG_WARN_EMPTY_BODY = YES;
				CLANG_WARN_ENUM_CONVERSION = YES;
				CLANG_WARN_INT_CONVERSION = YES;
				CLANG_WARN_OBJC_ROOT_CLASS = YES_ERROR;
				CLANG_WARN__DUPLICATE_METHOD_MATCH = YES;
				"CODE_SIGN_IDENTITY[sdk=iphoneos*]" = "iPhone Developer";
				COPY_PHASE_STRIP = YES;
				ENABLE_NS_ASSERTIONS = NO;
				GCC_C_LANGUAGE_STANDARD = gnu99;
				GCC_WARN_64_TO_32_BIT_CONVERSION = YES;
				GCC_WARN_ABOUT_RETURN_TYPE = YES_ERROR;
				GCC_WARN_UNDECLARED_SELECTOR = YES;
				GCC_WARN_UNINITIALIZED_AUTOS = YES_AGGRESSIVE;
				GCC_WARN_UNUSED_FUNCTION = YES;
				GCC_WARN_UNUSED_VARIABLE = YES;
				IPHONEOS_DEPLOYMENT_TARGET = 7.1;
				SDKROOT = iphoneos;
				VALIDATE_PRODUCT = YES;
			};
			name = Release;
		};
		2485676918DB5CD3006FFE27 /* Debug */ = {
			isa = XCBuildConfiguration;
			buildSettings = {
				ASSETCATALOG_COMPILER_APPICON_NAME = AppIcon;
				ASSETCATALOG_COMPILER_LAUNCHIMAGE_NAME = LaunchImage;
				GCC_PRECOMPILE_PREFIX_HEADER = YES;
				GCC_PREFIX_HEADER = "CrossfitReviverNotifier/CrossfitReviverNotifier-Prefix.pch";
				INFOPLIST_FILE = "CrossfitReviverNotifier/CrossfitReviverNotifier-Info.plist";
				PRODUCT_NAME = "$(TARGET_NAME)";
				WRAPPER_EXTENSION = app;
			};
			name = Debug;
		};
		2485676A18DB5CD3006FFE27 /* Release */ = {
			isa = XCBuildConfiguration;
			buildSettings = {
				ASSETCATALOG_COMPILER_APPICON_NAME = AppIcon;
				ASSETCATALOG_COMPILER_LAUNCHIMAGE_NAME = LaunchImage;
				GCC_PRECOMPILE_PREFIX_HEADER = YES;
				GCC_PREFIX_HEADER = "CrossfitReviverNotifier/CrossfitReviverNotifier-Prefix.pch";
				INFOPLIST_FILE = "CrossfitReviverNotifier/CrossfitReviverNotifier-Info.plist";
				PRODUCT_NAME = "$(TARGET_NAME)";
				WRAPPER_EXTENSION = app;
			};
			name = Release;
		};
		2485676C18DB5CD3006FFE27 /* Debug */ = {
			isa = XCBuildConfiguration;
			buildSettings = {
				BUNDLE_LOADER = "$(BUILT_PRODUCTS_DIR)/CrossfitReviverNotifier.app/CrossfitReviverNotifier";
				FRAMEWORK_SEARCH_PATHS = (
					"$(SDKROOT)/Developer/Library/Frameworks",
					"$(inherited)",
					"$(DEVELOPER_FRAMEWORKS_DIR)",
				);
				GCC_PRECOMPILE_PREFIX_HEADER = YES;
				GCC_PREFIX_HEADER = "CrossfitReviverNotifier/CrossfitReviverNotifier-Prefix.pch";
				GCC_PREPROCESSOR_DEFINITIONS = (
					"DEBUG=1",
					"$(inherited)",
				);
				INFOPLIST_FILE = "CrossfitReviverNotifierTests/CrossfitReviverNotifierTests-Info.plist";
				PRODUCT_NAME = "$(TARGET_NAME)";
				TEST_HOST = "$(BUNDLE_LOADER)";
				WRAPPER_EXTENSION = xctest;
			};
			name = Debug;
		};
		2485676D18DB5CD3006FFE27 /* Release */ = {
			isa = XCBuildConfiguration;
			buildSettings = {
				BUNDLE_LOADER = "$(BUILT_PRODUCTS_DIR)/CrossfitReviverNotifier.app/CrossfitReviverNotifier";
				FRAMEWORK_SEARCH_PATHS = (
					"$(SDKROOT)/Developer/Library/Frameworks",
					"$(inherited)",
					"$(DEVELOPER_FRAMEWORKS_DIR)",
				);
				GCC_PRECOMPILE_PREFIX_HEADER = YES;
				GCC_PREFIX_HEADER = "CrossfitReviverNotifier/CrossfitReviverNotifier-Prefix.pch";
				INFOPLIST_FILE = "CrossfitReviverNotifierTests/CrossfitReviverNotifierTests-Info.plist";
				PRODUCT_NAME = "$(TARGET_NAME)";
				TEST_HOST = "$(BUNDLE_LOADER)";
				WRAPPER_EXTENSION = xctest;
			};
			name = Release;
		};
/* End XCBuildConfiguration section */

/* Begin XCConfigurationList section */
		2485673718DB5CD3006FFE27 /* Build configuration list for PBXProject "CrossfitReviverNotifier" */ = {
			isa = XCConfigurationList;
			buildConfigurations = (
				2485676618DB5CD3006FFE27 /* Debug */,
				2485676718DB5CD3006FFE27 /* Release */,
			);
			defaultConfigurationIsVisible = 0;
			defaultConfigurationName = Release;
		};
		2485676818DB5CD3006FFE27 /* Build configuration list for PBXNativeTarget "CrossfitReviverNotifier" */ = {
			isa = XCConfigurationList;
			buildConfigurations = (
				2485676918DB5CD3006FFE27 /* Debug */,
				2485676A18DB5CD3006FFE27 /* Release */,
			);
			defaultConfigurationIsVisible = 0;
		};
		2485676B18DB5CD3006FFE27 /* Build configuration list for PBXNativeTarget "CrossfitReviverNotifierTests" */ = {
			isa = XCConfigurationList;
			buildConfigurations = (
				2485676C18DB5CD3006FFE27 /* Debug */,
				2485676D18DB5CD3006FFE27 /* Release */,
			);
			defaultConfigurationIsVisible = 0;
		};
/* End XCConfigurationList section */
	};
	rootObject = 2485673418DB5CD3006FFE27 /* Project object */;
}
